// !$*UTF8*$!
{
	archiveVersion = 1;
	classes = {
	};
	objectVersion = 46;
	objects = {

/* Begin PBXBuildFile section */
		F42113D41EF44D6400FE107E /* PlaySoundsViewController.swift in Sources */ = {isa = PBXBuildFile; fileRef = F42113D31EF44D6400FE107E /* PlaySoundsViewController.swift */; };
		F42113D61EF45EEF00FE107E /* playsoundsviewcontroller-audio.swift in Sources */ = {isa = PBXBuildFile; fileRef = F42113D51EF45EEF00FE107E /* playsoundsviewcontroller-audio.swift */; };
		F421D8871EF1E54D00E0D4F7 /* AppDelegate.swift in Sources */ = {isa = PBXBuildFile; fileRef = F421D8861EF1E54D00E0D4F7 /* AppDelegate.swift */; };
		F421D8891EF1E54D00E0D4F7 /* RecordSoundsViewController.swift in Sources */ = {isa = PBXBuildFile; fileRef = F421D8881EF1E54D00E0D4F7 /* RecordSoundsViewController.swift */; };
		F421D88C1EF1E54D00E0D4F7 /* Main.storyboard in Resources */ = {isa = PBXBuildFile; fileRef = F421D88A1EF1E54D00E0D4F7 /* Main.storyboard */; };
		F421D88E1EF1E54D00E0D4F7 /* Assets.xcassets in Resources */ = {isa = PBXBuildFile; fileRef = F421D88D1EF1E54D00E0D4F7 /* Assets.xcassets */; };
		F421D8911EF1E54D00E0D4F7 /* LaunchScreen.storyboard in Resources */ = {isa = PBXBuildFile; fileRef = F421D88F1EF1E54D00E0D4F7 /* LaunchScreen.storyboard */; };
/* End PBXBuildFile section */

/* Begin PBXFileReference section */
		F42113D31EF44D6400FE107E /* PlaySoundsViewController.swift */ = {isa = PBXFileReference; fileEncoding = 4; lastKnownFileType = sourcecode.swift; path = PlaySoundsViewController.swift; sourceTree = "<group>"; };
		F42113D51EF45EEF00FE107E /* playsoundsviewcontroller-audio.swift */ = {isa = PBXFileReference; fileEncoding = 4; lastKnownFileType = sourcecode.swift; name = "playsoundsviewcontroller-audio.swift"; path = "../../../Documents/playsoundsviewcontroller-audio.swift"; sourceTree = "<group>"; };
		F421D8831EF1E54D00E0D4F7 /* Pitch Perfect.app */ = {isa = PBXFileReference; explicitFileType = wrapper.application; includeInIndex = 0; path = "Pitch Perfect.app"; sourceTree = BUILT_PRODUCTS_DIR; };
		F421D8861EF1E54D00E0D4F7 /* AppDelegate.swift */ = {isa = PBXFileReference; lastKnownFileType = sourcecode.swift; path = AppDelegate.swift; sourceTree = "<group>"; };
		F421D8881EF1E54D00E0D4F7 /* RecordSoundsViewController.swift */ = {isa = PBXFileReference; lastKnownFileType = sourcecode.swift; path = RecordSoundsViewController.swift; sourceTree = "<group>"; };
		F421D88B1EF1E54D00E0D4F7 /* Base */ = {isa = PBXFileReference; lastKnownFileType = file.storyboard; name = Base; path = Base.lproj/Main.storyboard; sourceTree = "<group>"; };
		F421D88D1EF1E54D00E0D4F7 /* Assets.xcassets */ = {isa = PBXFileReference; lastKnownFileType = folder.assetcatalog; path = Assets.xcassets; sourceTree = "<group>"; };
		F421D8901EF1E54D00E0D4F7 /* Base */ = {isa = PBXFileReference; lastKnownFileType = file.storyboard; name = Base; path = Base.lproj/LaunchScreen.storyboard; sourceTree = "<group>"; };
		F421D8921EF1E54D00E0D4F7 /* Info.plist */ = {isa = PBXFileReference; lastKnownFileType = text.plist.xml; path = Info.plist; sourceTree = "<group>"; };
/* End PBXFileReference section */

/* Begin PBXFrameworksBuildPhase section */
		F421D8801EF1E54D00E0D4F7 /* Frameworks */ = {
			isa = PBXFrameworksBuildPhase;
			buildActionMask = 2147483647;
			files = (
			);
			runOnlyForDeploymentPostprocessing = 0;
		};
/* End PBXFrameworksBuildPhase section */

/* Begin PBXGroup section */
		F421D87A1EF1E54C00E0D4F7 = {
			isa = PBXGroup;
			children = (
				F421D8851EF1E54D00E0D4F7 /* Pitch Perfect */,
				F421D8841EF1E54D00E0D4F7 /* Products */,
			);
			sourceTree = "<group>";
		};
		F421D8841EF1E54D00E0D4F7 /* Products */ = {
			isa = PBXGroup;
			children = (
				F421D8831EF1E54D00E0D4F7 /* Pitch Perfect.app */,
			);
			name = Products;
			sourceTree = "<group>";
		};
		F421D8851EF1E54D00E0D4F7 /* Pitch Perfect */ = {
			isa = PBXGroup;
			children = (
				F42113D51EF45EEF00FE107E /* playsoundsviewcontroller-audio.swift */,
				F421D8861EF1E54D00E0D4F7 /* AppDelegate.swift */,
				F421D8881EF1E54D00E0D4F7 /* RecordSoundsViewController.swift */,
				F421D88A1EF1E54D00E0D4F7 /* Main.storyboard */,
				F421D88D1EF1E54D00E0D4F7 /* Assets.xcassets */,
				F421D88F1EF1E54D00E0D4F7 /* LaunchScreen.storyboard */,
				F421D8921EF1E54D00E0D4F7 /* Info.plist */,
				F42113D31EF44D6400FE107E /* PlaySoundsViewController.swift */,
			);
			path = "Pitch Perfect";
			sourceTree = "<group>";
		};
/* End PBXGroup section */

/* Begin PBXNativeTarget section */
		F421D8821EF1E54D00E0D4F7 /* Pitch Perfect */ = {
			isa = PBXNativeTarget;
			buildConfigurationList = F421D8951EF1E54D00E0D4F7 /* Build configuration list for PBXNativeTarget "Pitch Perfect" */;
			buildPhases = (
				F421D87F1EF1E54D00E0D4F7 /* Sources */,
				F421D8801EF1E54D00E0D4F7 /* Frameworks */,
				F421D8811EF1E54D00E0D4F7 /* Resources */,
			);
			buildRules = (
			);
			dependencies = (
			);
			name = "Pitch Perfect";
			productName = "Pitch Perfect";
			productReference = F421D8831EF1E54D00E0D4F7 /* Pitch Perfect.app */;
			productType = "com.apple.product-type.application";
		};
/* End PBXNativeTarget section */

/* Begin PBXProject section */
		F421D87B1EF1E54C00E0D4F7 /* Project object */ = {
			isa = PBXProject;
			attributes = {
				LastSwiftUpdateCheck = 0830;
				LastUpgradeCheck = 0830;
				ORGANIZATIONNAME = "Simon Wang";
				TargetAttributes = {
					F421D8821EF1E54D00E0D4F7 = {
						CreatedOnToolsVersion = 8.3.3;
						ProvisioningStyle = Automatic;
					};
				};
			};
			buildConfigurationList = F421D87E1EF1E54C00E0D4F7 /* Build configuration list for PBXProject "Pitch Perfect" */;
			compatibilityVersion = "Xcode 3.2";
			developmentRegion = English;
			hasScannedForEncodings = 0;
			knownRegions = (
				en,
				Base,
			);
			mainGroup = F421D87A1EF1E54C00E0D4F7;
			productRefGroup = F421D8841EF1E54D00E0D4F7 /* Products */;
			projectDirPath = "";
			projectRoot = "";
			targets = (
				F421D8821EF1E54D00E0D4F7 /* Pitch Perfect */,
			);
		};
/* End PBXProject section */

/* Begin PBXResourcesBuildPhase section */
		F421D8811EF1E54D00E0D4F7 /* Resources */ = {
			isa = PBXResourcesBuildPhase;
			buildActionMask = 2147483647;
			files = (
				F421D8911EF1E54D00E0D4F7 /* LaunchScreen.storyboard in Resources */,
				F421D88E1EF1E54D00E0D4F7 /* Assets.xcassets in Resources */,
				F421D88C1EF1E54D00E0D4F7 /* Main.storyboard in Resources */,
			);
			runOnlyForDeploymentPostprocessing = 0;
		};
/* End PBXResourcesBuildPhase section */

/* Begin PBXSourcesBuildPhase section */
		F421D87F1EF1E54D00E0D4F7 /* Sources */ = {
			isa = PBXSourcesBuildPhase;
			buildActionMask = 2147483647;
			files = (
				F421D8891EF1E54D00E0D4F7 /* RecordSoundsViewController.swift in Sources */,
				F42113D41EF44D6400FE107E /* PlaySoundsViewController.swift in Sources */,
				F421D8871EF1E54D00E0D4F7 /* AppDelegate.swift in Sources */,
				F42113D61EF45EEF00FE107E /* playsoundsviewcontroller-audio.swift in Sources */,
			);
			runOnlyForDeploymentPostprocessing = 0;
		};
/* End PBXSourcesBuildPhase section */

/* Begin PBXVariantGroup section */
		F421D88A1EF1E54D00E0D4F7 /* Main.storyboard */ = {
			isa = PBXVariantGroup;
			children = (
				F421D88B1EF1E54D00E0D4F7 /* Base */,
			);
			name = Main.storyboard;
			sourceTree = "<group>";
		};
		F421D88F1EF1E54D00E0D4F7 /* LaunchScreen.storyboard */ = {
			isa = PBXVariantGroup;
			children = (
				F421D8901EF1E54D00E0D4F7 /* Base */,
			);
			name = LaunchScreen.storyboard;
			sourceTree = "<group>";
		};
/* End PBXVariantGroup section */

/* Begin XCBuildConfiguration section */
		F421D8931EF1E54D00E0D4F7 /* Debug */ = {
			isa = XCBuildConfiguration;
			buildSettings = {
				ALWAYS_SEARCH_USER_PATHS = NO;
				CLANG_ANALYZER_NONNULL = YES;
				CLANG_ANALYZER_NUMBER_OBJECT_CONVERSION = YES_AGGRESSIVE;
				CLANG_CXX_LANGUAGE_STANDARD = "gnu++0x";
				CLANG_CXX_LIBRARY = "libc++";
				CLANG_ENABLE_MODULES = YES;
				CLANG_ENABLE_OBJC_ARC = YES;
				CLANG_WARN_BOOL_CONVERSION = YES;
				CLANG_WARN_CONSTANT_CONVERSION = YES;
				CLANG_WARN_DIRECT_OBJC_ISA_USAGE = YES_ERROR;
				CLANG_WARN_DOCUMENTATION_COMMENTS = YES;
				CLANG_WARN_EMPTY_BODY = YES;
				CLANG_WARN_ENUM_CONVERSION = YES;
				CLANG_WARN_INFINITE_RECURSION = YES;
				CLANG_WARN_INT_CONVERSION = YES;
				CLANG_WARN_OBJC_ROOT_CLASS = YES_ERROR;
				CLANG_WARN_SUSPICIOUS_MOVE = YES;
				CLANG_WARN_UNREACHABLE_CODE = YES;
				CLANG_WARN__DUPLICATE_METHOD_MATCH = YES;
				"CODE_SIGN_IDENTITY[sdk=iphoneos*]" = "iPhone Developer";
				COPY_PHASE_STRIP = NO;
				DEBUG_INFORMATION_FORMAT = dwarf;
				ENABLE_STRICT_OBJC_MSGSEND = YES;
				ENABLE_TESTABILITY = YES;
				GCC_C_LANGUAGE_STANDARD = gnu99;
				GCC_DYNAMIC_NO_PIC = NO;
				GCC_NO_COMMON_BLOCKS = YES;
				GCC_OPTIMIZATION_LEVEL = 0;
				GCC_PREPROCESSOR_DEFINITIONS = (
					"DEBUG=1",
					"$(inherited)",
				);
				GCC_WARN_64_TO_32_BIT_CONVERSION = YES;
				GCC_WARN_ABOUT_RETURN_TYPE = YES_ERROR;
				GCC_WARN_UNDECLARED_SELECTOR = YES;
				GCC_WARN_UNINITIALIZED_AUTOS = YES_AGGRESSIVE;
				GCC_WARN_UNUSED_FUNCTION = YES;
				GCC_WARN_UNUSED_VARIABLE = YES;
				IPHONEOS_DEPLOYMENT_TARGET = 10.3;
				MTL_ENABLE_DEBUG_INFO = YES;
				ONLY_ACTIVE_ARCH = YES;
				SDKROOT = iphoneos;
				SWIFT_ACTIVE_COMPILATION_CONDITIONS = DEBUG;
				SWIFT_OPTIMIZATION_LEVEL = "-Onone";
				TARGETED_DEVICE_FAMILY = "1,2";
			};
			name = Debug;
		};
		F421D8941EF1E54D00E0D4F7 /* Release */ = {
			isa = XCBuildConfiguration;
			buildSettings = {
				ALWAYS_SEARCH_USER_PATHS = NO;
				CLANG_ANALYZER_NONNULL = YES;
				CLANG_ANALYZER_NUMBER_OBJECT_CONVERSION = YES_AGGRESSIVE;
				CLANG_CXX_LANGUAGE_STANDARD = "gnu++0x";
				CLANG_CXX_LIBRARY = "libc++";
				CLANG_ENABLE_MODULES = YES;
				CLANG_ENABLE_OBJC_ARC = YES;
				CLANG_WARN_BOOL_CONVERSION = YES;
				CLANG_WARN_CONSTANT_CONVERSION = YES;
				CLANG_WARN_DIRECT_OBJC_ISA_USAGE = YES_ERROR;
				CLANG_WARN_DOCUMENTATION_COMMENTS = YES;
				CLANG_WARN_EMPTY_BODY = YES;
				CLANG_WARN_ENUM_CONVERSION = YES;
				CLANG_WARN_INFINITE_RECURSION = YES;
				CLANG_WARN_INT_CONVERSION = YES;
				CLANG_WARN_OBJC_ROOT_CLASS = YES_ERROR;
				CLANG_WARN_SUSPICIOUS_MOVE = YES;
				CLANG_WARN_UNREACHABLE_CODE = YES;
				CLANG_WARN__DUPLICATE_METHOD_MATCH = YES;
				"CODE_SIGN_IDENTITY[sdk=iphoneos*]" = "iPhone Developer";
				COPY_PHASE_STRIP = NO;
				DEBUG_INFORMATION_FORMAT = "dwarf-with-dsym";
				ENABLE_NS_ASSERTIONS = NO;
				ENABLE_STRICT_OBJC_MSGSEND = YES;
				GCC_C_LANGUAGE_STANDARD = gnu99;
				GCC_NO_COMMON_BLOCKS = YES;
				GCC_WARN_64_TO_32_BIT_CONVERSION = YES;
				GCC_WARN_ABOUT_RETURN_TYPE = YES_ERROR;
				GCC_WARN_UNDECLARED_SELECTOR = YES;
				GCC_WARN_UNINITIALIZED_AUTOS = YES_AGGRESSIVE;
				GCC_WARN_UNUSED_FUNCTION = YES;
				GCC_WARN_UNUSED_VARIABLE = YES;
				IPHONEOS_DEPLOYMENT_TARGET = 10.3;
				MTL_ENABLE_DEBUG_INFO = NO;
				SDKROOT = iphoneos;
				SWIFT_OPTIMIZATION_LEVEL = "-Owholemodule";
				TARGETED_DEVICE_FAMILY = "1,2";
				VALIDATE_PRODUCT = YES;
			};
			name = Release;
		};
		F421D8961EF1E54D00E0D4F7 /* Debug */ = {
			isa = XCBuildConfiguration;
			buildSettings = {
				ASSETCATALOG_COMPILER_APPICON_NAME = AppIcon;
				INFOPLIST_FILE = "Pitch Perfect/Info.plist";
				LD_RUNPATH_SEARCH_PATHS = "$(inherited) @executable_path/Frameworks";
				PRODUCT_BUNDLE_IDENTIFIER = "com.SimonWang.Pitch-Perfect";
				PRODUCT_NAME = "$(TARGET_NAME)";
				SWIFT_VERSION = 3.0;
			};
			name = Debug;
		};
		F421D8971EF1E54D00E0D4F7 /* Release */ = {
			isa = XCBuildConfiguration;
			buildSettings = {
				ASSETCATALOG_COMPILER_APPICON_NAME = AppIcon;
				INFOPLIST_FILE = "Pitch Perfect/Info.plist";
				LD_RUNPATH_SEARCH_PATHS = "$(inherited) @executable_path/Frameworks";
				PRODUCT_BUNDLE_IDENTIFIER = "com.SimonWang.Pitch-Perfect";
				PRODUCT_NAME = "$(TARGET_NAME)";
				SWIFT_VERSION = 3.0;
			};
			name = Release;
		};
/* End XCBuildConfiguration section */

/* Begin XCConfigurationList section */
		F421D87E1EF1E54C00E0D4F7 /* Build configuration list for PBXProject "Pitch Perfect" */ = {
			isa = XCConfigurationList;
			buildConfigurations = (
				F421D8931EF1E54D00E0D4F7 /* Debug */,
				F421D8941EF1E54D00E0D4F7 /* Release */,
			);
			defaultConfigurationIsVisible = 0;
			defaultConfigurationName = Release;
		};
		F421D8951EF1E54D00E0D4F7 /* Build configuration list for PBXNativeTarget "Pitch Perfect" */ = {
			isa = XCConfigurationList;
			buildConfigurations = (
				F421D8961EF1E54D00E0D4F7 /* Debug */,
				F421D8971EF1E54D00E0D4F7 /* Release */,
			);
			defaultConfigurationIsVisible = 0;
			defaultConfigurationName = Release;
		};
/* End XCConfigurationList section */
	};
	rootObject = F421D87B1EF1E54C00E0D4F7 /* Project object */;
}
